<Solution>
  <Configurations>
    <Platform Name="x64" />
    <Platform Name="x86" />
  </Configurations>
  <Folder Name="/Solution Items/">
    <File Path="ball.cpp" />
    <File Path="BlackGameFont.ttf" />
    <File Path="closing.cpp" />
    <File Path="credits.cpp" />
    <File Path="main.cpp" />
    <File Path="menu.cpp" />
    <File Path="MenuQuitSprite.png" />
    <File Path="MenuSprite.png" />
    <File Path="MenuWallpaper.jpg" />
    <File Path="MenuWallpaper2.jpg" />
    <File Path="play.cpp" />
    <File Path="player.cpp" />
    <File Path="prototypes.h" />
    <File Path="README.md" />
    <File Path="score_updater.cpp" />
    <File Path="settings.cpp" />
  </Folder>
  <Project Path="Pong CPP SFML Github.vcxproj" Id="ead740af-a76f-46e2-83f8-124b52d15920" />
</Solution>
